
Microsoft Visual Studio Solution File, Format Version 12.00
# Visual Studio Version 17
VisualStudioVersion = 17.2.32630.192
MinimumVisualStudioVersion = 10.0.40219.1
Project("{FAE04EC0-301F-11D3-BF4B-00C04F79EFBC}") = "MyMasterMind", "MyMasterMind\MyMasterMind.csproj", "{A55924AE-BC5E-41A4-B8C5-74586C0A1B85}"
EndProject
Project("{FAE04EC0-301F-11D3-BF4B-00C04F79EFBC}") = "Model", "..\Model\Model.csproj", "{E0C27BA6-8EB4-4256-A5CD-DDBBA7D04823}"
EndProject
Project("{FAE04EC0-301F-11D3-BF4B-00C04F79EFBC}") = "Interfaces", "..\Interfaces\Interfaces.csproj", "{1BFA6C42-EC43-44D3-B5C2-9D62B7A19C3B}"
EndProject
Project("{FAE04EC0-301F-11D3-BF4B-00C04F79EFBC}") = "MasterMindModelTest", "..\MasterMindModelTest\MasterMindModelTest.csproj", "{332E0308-195F-41A8-9913-0E9F7DDEE088}"
EndProject
Project("{FAE04EC0-301F-11D3-BF4B-00C04F79EFBC}") = "ViewModel", "..\ViewModel\ViewModel.csproj", "{9B4AC41A-B404-4DC4-88BB-4EAAB1B9A2FB}"
EndProject
Global
	GlobalSection(SolutionConfigurationPlatforms) = preSolution
		Debug|Any CPU = Debug|Any CPU
		Release|Any CPU = Release|Any CPU
	EndGlobalSection
	GlobalSection(ProjectConfigurationPlatforms) = postSolution
		{A55924AE-BC5E-41A4-B8C5-74586C0A1B85}.Debug|Any CPU.ActiveCfg = Debug|Any CPU
		{A55924AE-BC5E-41A4-B8C5-74586C0A1B85}.Debug|Any CPU.Build.0 = Debug|Any CPU
		{A55924AE-BC5E-41A4-B8C5-74586C0A1B85}.Release|Any CPU.ActiveCfg = Release|Any CPU
		{A55924AE-BC5E-41A4-B8C5-74586C0A1B85}.Release|Any CPU.Build.0 = Release|Any CPU
		{E0C27BA6-8EB4-4256-A5CD-DDBBA7D04823}.Debug|Any CPU.ActiveCfg = Debug|Any CPU
		{E0C27BA6-8EB4-4256-A5CD-DDBBA7D04823}.Debug|Any CPU.Build.0 = Debug|Any CPU
		{E0C27BA6-8EB4-4256-A5CD-DDBBA7D04823}.Release|Any CPU.ActiveCfg = Release|Any CPU
		{E0C27BA6-8EB4-4256-A5CD-DDBBA7D04823}.Release|Any CPU.Build.0 = Release|Any CPU
		{1BFA6C42-EC43-44D3-B5C2-9D62B7A19C3B}.Debug|Any CPU.ActiveCfg = Debug|Any CPU
		{1BFA6C42-EC43-44D3-B5C2-9D62B7A19C3B}.Debug|Any CPU.Build.0 = Debug|Any CPU
		{1BFA6C42-EC43-44D3-B5C2-9D62B7A19C3B}.Release|Any CPU.ActiveCfg = Release|Any CPU
		{1BFA6C42-EC43-44D3-B5C2-9D62B7A19C3B}.Release|Any CPU.Build.0 = Release|Any CPU
		{332E0308-195F-41A8-9913-0E9F7DDEE088}.Debug|Any CPU.ActiveCfg = Debug|Any CPU
		{332E0308-195F-41A8-9913-0E9F7DDEE088}.Debug|Any CPU.Build.0 = Debug|Any CPU
		{332E0308-195F-41A8-9913-0E9F7DDEE088}.Release|Any CPU.ActiveCfg = Release|Any CPU
		{332E0308-195F-41A8-9913-0E9F7DDEE088}.Release|Any CPU.Build.0 = Release|Any CPU
		{9B4AC41A-B404-4DC4-88BB-4EAAB1B9A2FB}.Debug|Any CPU.ActiveCfg = Debug|Any CPU
		{9B4AC41A-B404-4DC4-88BB-4EAAB1B9A2FB}.Debug|Any CPU.Build.0 = Debug|Any CPU
		{9B4AC41A-B404-4DC4-88BB-4EAAB1B9A2FB}.Release|Any CPU.ActiveCfg = Release|Any CPU
		{9B4AC41A-B404-4DC4-88BB-4EAAB1B9A2FB}.Release|Any CPU.Build.0 = Release|Any CPU
	EndGlobalSection
	GlobalSection(SolutionProperties) = preSolution
		HideSolutionNode = FALSE
	EndGlobalSection
	GlobalSection(ExtensibilityGlobals) = postSolution
		SolutionGuid = {7D4E0ACB-883F-43AA-90E0-74DB982DC8EE}
	EndGlobalSection
EndGlobal
